
Microsoft Visual Studio Solution File, Format Version 12.00
# Visual Studio Version 16
VisualStudioVersion = 16.0.30002.166
MinimumVisualStudioVersion = 10.0.40219.1
Project("{FAE04EC0-301F-11D3-BF4B-00C04F79EFBC}") = "Lab10", "Lab10\Lab10.csproj", "{8421A82B-AA72-4314-9FAB-84C471B22FF7}"
EndProject
Global
	GlobalSection(SolutionConfigurationPlatforms) = preSolution
		Debug|Any CPU = Debug|Any CPU
		Release|Any CPU = Release|Any CPU
	EndGlobalSection
	GlobalSection(ProjectConfigurationPlatforms) = postSolution
		{8421A82B-AA72-4314-9FAB-84C471B22FF7}.Debug|Any CPU.ActiveCfg = Debug|Any CPU
		{8421A82B-AA72-4314-9FAB-84C471B22FF7}.Debug|Any CPU.Build.0 = Debug|Any CPU
		{8421A82B-AA72-4314-9FAB-84C471B22FF7}.Release|Any CPU.ActiveCfg = Release|Any CPU
		{8421A82B-AA72-4314-9FAB-84C471B22FF7}.Release|Any CPU.Build.0 = Release|Any CPU
	EndGlobalSection
	GlobalSection(SolutionProperties) = preSolution
		HideSolutionNode = FALSE
	EndGlobalSection
	GlobalSection(ExtensibilityGlobals) = postSolution
		SolutionGuid = {FB9DE084-F9D6-46C4-AF50-2590E1BAA9C0}
	EndGlobalSection
EndGlobal
