
Microsoft Visual Studio Solution File, Format Version 12.00
# Visual Studio Version 16
VisualStudioVersion = 16.0.30002.166
MinimumVisualStudioVersion = 10.0.40219.1
Project("{FAE04EC0-301F-11D3-BF4B-00C04F79EFBC}") = "Lab11", "Lab11\Lab11.csproj", "{B3FDE934-30D4-414D-BAA2-198EE6250236}"
EndProject
Global
	GlobalSection(SolutionConfigurationPlatforms) = preSolution
		Debug|Any CPU = Debug|Any CPU
		Release|Any CPU = Release|Any CPU
	EndGlobalSection
	GlobalSection(ProjectConfigurationPlatforms) = postSolution
		{B3FDE934-30D4-414D-BAA2-198EE6250236}.Debug|Any CPU.ActiveCfg = Debug|Any CPU
		{B3FDE934-30D4-414D-BAA2-198EE6250236}.Debug|Any CPU.Build.0 = Debug|Any CPU
		{B3FDE934-30D4-414D-BAA2-198EE6250236}.Release|Any CPU.ActiveCfg = Release|Any CPU
		{B3FDE934-30D4-414D-BAA2-198EE6250236}.Release|Any CPU.Build.0 = Release|Any CPU
	EndGlobalSection
	GlobalSection(SolutionProperties) = preSolution
		HideSolutionNode = FALSE
	EndGlobalSection
	GlobalSection(ExtensibilityGlobals) = postSolution
		SolutionGuid = {9B2DA79A-5D00-4B52-AFD3-02CDA6CC2382}
	EndGlobalSection
EndGlobal
