
Microsoft Visual Studio Solution File, Format Version 12.00
# Visual Studio Version 16
VisualStudioVersion = 16.0.30002.166
MinimumVisualStudioVersion = 10.0.40219.1
Project("{FAE04EC0-301F-11D3-BF4B-00C04F79EFBC}") = "Lab12", "Lab12\Lab12.csproj", "{28F892E2-A569-43FB-B8E6-BDE5ABE30351}"
EndProject
Global
	GlobalSection(SolutionConfigurationPlatforms) = preSolution
		Debug|Any CPU = Debug|Any CPU
		Release|Any CPU = Release|Any CPU
	EndGlobalSection
	GlobalSection(ProjectConfigurationPlatforms) = postSolution
		{28F892E2-A569-43FB-B8E6-BDE5ABE30351}.Debug|Any CPU.ActiveCfg = Debug|Any CPU
		{28F892E2-A569-43FB-B8E6-BDE5ABE30351}.Debug|Any CPU.Build.0 = Debug|Any CPU
		{28F892E2-A569-43FB-B8E6-BDE5ABE30351}.Release|Any CPU.ActiveCfg = Release|Any CPU
		{28F892E2-A569-43FB-B8E6-BDE5ABE30351}.Release|Any CPU.Build.0 = Release|Any CPU
	EndGlobalSection
	GlobalSection(SolutionProperties) = preSolution
		HideSolutionNode = FALSE
	EndGlobalSection
	GlobalSection(ExtensibilityGlobals) = postSolution
		SolutionGuid = {E5FC1AC9-5D42-411F-8321-E0B27045D5A9}
	EndGlobalSection
EndGlobal
