
Microsoft Visual Studio Solution File, Format Version 12.00
# Visual Studio Version 16
VisualStudioVersion = 16.0.30406.217
MinimumVisualStudioVersion = 10.0.40219.1
Project("{FAE04EC0-301F-11D3-BF4B-00C04F79EFBC}") = "Lab09", "Lab09\Lab09.csproj", "{6546CE73-F391-4F83-B8B1-32A8BF043B33}"
EndProject
Global
	GlobalSection(SolutionConfigurationPlatforms) = preSolution
		Debug|Any CPU = Debug|Any CPU
		Release|Any CPU = Release|Any CPU
	EndGlobalSection
	GlobalSection(ProjectConfigurationPlatforms) = postSolution
		{6546CE73-F391-4F83-B8B1-32A8BF043B33}.Debug|Any CPU.ActiveCfg = Debug|Any CPU
		{6546CE73-F391-4F83-B8B1-32A8BF043B33}.Debug|Any CPU.Build.0 = Debug|Any CPU
		{6546CE73-F391-4F83-B8B1-32A8BF043B33}.Release|Any CPU.ActiveCfg = Release|Any CPU
		{6546CE73-F391-4F83-B8B1-32A8BF043B33}.Release|Any CPU.Build.0 = Release|Any CPU
	EndGlobalSection
	GlobalSection(SolutionProperties) = preSolution
		HideSolutionNode = FALSE
	EndGlobalSection
	GlobalSection(ExtensibilityGlobals) = postSolution
		SolutionGuid = {F9D0DA95-999E-4221-845E-061C48CF95F8}
	EndGlobalSection
EndGlobal
