
Microsoft Visual Studio Solution File, Format Version 12.00
# Visual Studio Version 16
VisualStudioVersion = 16.0.30804.86
MinimumVisualStudioVersion = 10.0.40219.1
Project("{FAE04EC0-301F-11D3-BF4B-00C04F79EFBC}") = "Lab14", "14.client\Lab14.csproj", "{C39E3B75-FB0A-4CE2-9C99-6C0007A400EE}"
EndProject
Global
	GlobalSection(SolutionConfigurationPlatforms) = preSolution
		Debug|Any CPU = Debug|Any CPU
		Release|Any CPU = Release|Any CPU
	EndGlobalSection
	GlobalSection(ProjectConfigurationPlatforms) = postSolution
		{C39E3B75-FB0A-4CE2-9C99-6C0007A400EE}.Debug|Any CPU.ActiveCfg = Debug|Any CPU
		{C39E3B75-FB0A-4CE2-9C99-6C0007A400EE}.Debug|Any CPU.Build.0 = Debug|Any CPU
		{C39E3B75-FB0A-4CE2-9C99-6C0007A400EE}.Release|Any CPU.ActiveCfg = Release|Any CPU
		{C39E3B75-FB0A-4CE2-9C99-6C0007A400EE}.Release|Any CPU.Build.0 = Release|Any CPU
	EndGlobalSection
	GlobalSection(SolutionProperties) = preSolution
		HideSolutionNode = FALSE
	EndGlobalSection
	GlobalSection(ExtensibilityGlobals) = postSolution
		SolutionGuid = {73536C37-AC11-4FAA-AC0E-359A3D2CC976}
	EndGlobalSection
EndGlobal
